
Microsoft Visual Studio Solution File, Format Version 12.00
# Visual Studio Version 17
VisualStudioVersion = 17.8.34322.80
MinimumVisualStudioVersion = 10.0.40219.1
Project("{FAE04EC0-301F-11D3-BF4B-00C04F79EFBC}") = "AlgorithmImplementationsCSharp", "AlgorithmImplementationsCSharp.csproj", "{E6C012B9-4A5B-41C2-A36B-15999C589701}"
EndProject
Global
	GlobalSection(SolutionConfigurationPlatforms) = preSolution
		Debug|Any CPU = Debug|Any CPU
		Release|Any CPU = Release|Any CPU
	EndGlobalSection
	GlobalSection(ProjectConfigurationPlatforms) = postSolution
		{E6C012B9-4A5B-41C2-A36B-15999C589701}.Debug|Any CPU.ActiveCfg = Debug|Any CPU
		{E6C012B9-4A5B-41C2-A36B-15999C589701}.Debug|Any CPU.Build.0 = Debug|Any CPU
		{E6C012B9-4A5B-41C2-A36B-15999C589701}.Release|Any CPU.ActiveCfg = Release|Any CPU
		{E6C012B9-4A5B-41C2-A36B-15999C589701}.Release|Any CPU.Build.0 = Release|Any CPU
	EndGlobalSection
	GlobalSection(SolutionProperties) = preSolution
		HideSolutionNode = FALSE
	EndGlobalSection
	GlobalSection(ExtensibilityGlobals) = postSolution
		SolutionGuid = {C16BD81B-3C99-44FD-9AB5-06152075759E}
	EndGlobalSection
EndGlobal
